
Microsoft Visual Studio Solution File, Format Version 12.00
# Visual Studio 15
VisualStudioVersion = 15.0.28307.2017
MinimumVisualStudioVersion = 10.0.40219.1
Project("{FAE04EC0-301F-11D3-BF4B-00C04F79EFBC}") = "döviz", "döviz.csproj", "{2A251684-20D4-45D4-A389-D11AEDD3ABA9}"
EndProject
Global
	GlobalSection(SolutionConfigurationPlatforms) = preSolution
		Debug|Any CPU = Debug|Any CPU
		Release|Any CPU = Release|Any CPU
	EndGlobalSection
	GlobalSection(ProjectConfigurationPlatforms) = postSolution
		{2A251684-20D4-45D4-A389-D11AEDD3ABA9}.Debug|Any CPU.ActiveCfg = Debug|Any CPU
		{2A251684-20D4-45D4-A389-D11AEDD3ABA9}.Debug|Any CPU.Build.0 = Debug|Any CPU
		{2A251684-20D4-45D4-A389-D11AEDD3ABA9}.Release|Any CPU.ActiveCfg = Release|Any CPU
		{2A251684-20D4-45D4-A389-D11AEDD3ABA9}.Release|Any CPU.Build.0 = Release|Any CPU
	EndGlobalSection
	GlobalSection(SolutionProperties) = preSolution
		HideSolutionNode = FALSE
	EndGlobalSection
	GlobalSection(ExtensibilityGlobals) = postSolution
		SolutionGuid = {32A28EB2-4E07-4FB7-A2E2-4B0311EC9ECF}
	EndGlobalSection
EndGlobal
